// !$*UTF8*$!
{
	archiveVersion = 1;
	classes = {
	};
	objectVersion = 55;
	objects = {

/* Begin PBXBuildFile section */
		33E0380D32DFF8B20FAA9A12 /* Pods_Movie_app.framework in Frameworks */ = {isa = PBXBuildFile; fileRef = A20FDD78D5FA9300796BFF92 /* Pods_Movie_app.framework */; };
		9A1B05412878D32B006A3BE2 /* AppDelegate.swift in Sources */ = {isa = PBXBuildFile; fileRef = 9A1B05402878D32B006A3BE2 /* AppDelegate.swift */; };
		9A1B05432878D32B006A3BE2 /* SceneDelegate.swift in Sources */ = {isa = PBXBuildFile; fileRef = 9A1B05422878D32B006A3BE2 /* SceneDelegate.swift */; };
		9A1B05452878D32B006A3BE2 /* ViewController.swift in Sources */ = {isa = PBXBuildFile; fileRef = 9A1B05442878D32B006A3BE2 /* ViewController.swift */; };
		9A1B05482878D32B006A3BE2 /* Main.storyboard in Resources */ = {isa = PBXBuildFile; fileRef = 9A1B05462878D32B006A3BE2 /* Main.storyboard */; };
		9A1B054A2878D32D006A3BE2 /* Assets.xcassets in Resources */ = {isa = PBXBuildFile; fileRef = 9A1B05492878D32D006A3BE2 /* Assets.xcassets */; };
		9A1B054D2878D32D006A3BE2 /* LaunchScreen.storyboard in Resources */ = {isa = PBXBuildFile; fileRef = 9A1B054B2878D32D006A3BE2 /* LaunchScreen.storyboard */; };
		9A70B1AD2878DB4C0094E6BC /* GoogleService-Info.plist in Resources */ = {isa = PBXBuildFile; fileRef = 9A70B1AC2878DB4C0094E6BC /* GoogleService-Info.plist */; };
		9A70B1AF28795B9A0094E6BC /* HomeViewController.swift in Sources */ = {isa = PBXBuildFile; fileRef = 9A70B1AE28795B9A0094E6BC /* HomeViewController.swift */; };
		9A70B1B328795BC20094E6BC /* SignUpViewController.swift in Sources */ = {isa = PBXBuildFile; fileRef = 9A70B1B228795BC20094E6BC /* SignUpViewController.swift */; };
		9AA52AC1287C19BB0075C934 /* SignInViewController.swift in Sources */ = {isa = PBXBuildFile; fileRef = 9AA52AC0287C19BB0075C934 /* SignInViewController.swift */; };
		9AA52AC5287C1AF50075C934 /* Constants.swift in Sources */ = {isa = PBXBuildFile; fileRef = 9AA52AC3287C1AF50075C934 /* Constants.swift */; };
		9AA52AC6287C1AF50075C934 /* Utilities.swift in Sources */ = {isa = PBXBuildFile; fileRef = 9AA52AC4287C1AF50075C934 /* Utilities.swift */; };
		9ACAD636287D58ED001A2BD2 /* WatchListCollectionViewCell.swift in Sources */ = {isa = PBXBuildFile; fileRef = 9ACAD635287D58ED001A2BD2 /* WatchListCollectionViewCell.swift */; };
		9AD7DB29287C039B0016AE05 /* ModelData.swift in Sources */ = {isa = PBXBuildFile; fileRef = 9AD7DB28287C039B0016AE05 /* ModelData.swift */; };
		9ADBE701287D8FC7009CEC3C /* MovieResorce.swift in Sources */ = {isa = PBXBuildFile; fileRef = 9ADBE700287D8FC7009CEC3C /* MovieResorce.swift */; };
		9ADBE703287DAB84009CEC3C /* LibraryCollectionViewCell.swift in Sources */ = {isa = PBXBuildFile; fileRef = 9ADBE702287DAB84009CEC3C /* LibraryCollectionViewCell.swift */; };
		9ADBE705287DABB2009CEC3C /* TrendingCollectionViewCell.swift in Sources */ = {isa = PBXBuildFile; fileRef = 9ADBE704287DABB2009CEC3C /* TrendingCollectionViewCell.swift */; };
/* End PBXBuildFile section */

/* Begin PBXFileReference section */
		750EAAF7E5D5E833D3DDB58E /* Pods-Movie-app.debug.xcconfig */ = {isa = PBXFileReference; includeInIndex = 1; lastKnownFileType = text.xcconfig; name = "Pods-Movie-app.debug.xcconfig"; path = "Target Support Files/Pods-Movie-app/Pods-Movie-app.debug.xcconfig"; sourceTree = "<group>"; };
		9A1B053D2878D32B006A3BE2 /* Movie-app.app */ = {isa = PBXFileReference; explicitFileType = wrapper.application; includeInIndex = 0; path = "Movie-app.app"; sourceTree = BUILT_PRODUCTS_DIR; };
		9A1B05402878D32B006A3BE2 /* AppDelegate.swift */ = {isa = PBXFileReference; lastKnownFileType = sourcecode.swift; path = AppDelegate.swift; sourceTree = "<group>"; };
		9A1B05422878D32B006A3BE2 /* SceneDelegate.swift */ = {isa = PBXFileReference; lastKnownFileType = sourcecode.swift; path = SceneDelegate.swift; sourceTree = "<group>"; };
		9A1B05442878D32B006A3BE2 /* ViewController.swift */ = {isa = PBXFileReference; lastKnownFileType = sourcecode.swift; path = ViewController.swift; sourceTree = "<group>"; };
		9A1B05472878D32B006A3BE2 /* Base */ = {isa = PBXFileReference; lastKnownFileType = file.storyboard; name = Base; path = Base.lproj/Main.storyboard; sourceTree = "<group>"; };
		9A1B05492878D32D006A3BE2 /* Assets.xcassets */ = {isa = PBXFileReference; lastKnownFileType = folder.assetcatalog; path = Assets.xcassets; sourceTree = "<group>"; };
		9A1B054C2878D32D006A3BE2 /* Base */ = {isa = PBXFileReference; lastKnownFileType = file.storyboard; name = Base; path = Base.lproj/LaunchScreen.storyboard; sourceTree = "<group>"; };
		9A1B054E2878D32D006A3BE2 /* Info.plist */ = {isa = PBXFileReference; lastKnownFileType = text.plist.xml; path = Info.plist; sourceTree = "<group>"; };
		9A70B1AC2878DB4C0094E6BC /* GoogleService-Info.plist */ = {isa = PBXFileReference; fileEncoding = 4; lastKnownFileType = text.plist.xml; path = "GoogleService-Info.plist"; sourceTree = "<group>"; };
		9A70B1AE28795B9A0094E6BC /* HomeViewController.swift */ = {isa = PBXFileReference; lastKnownFileType = sourcecode.swift; path = HomeViewController.swift; sourceTree = "<group>"; };
		9A70B1B228795BC20094E6BC /* SignUpViewController.swift */ = {isa = PBXFileReference; lastKnownFileType = sourcecode.swift; path = SignUpViewController.swift; sourceTree = "<group>"; };
		9AA52AC0287C19BB0075C934 /* SignInViewController.swift */ = {isa = PBXFileReference; lastKnownFileType = sourcecode.swift; path = SignInViewController.swift; sourceTree = "<group>"; };
		9AA52AC3287C1AF50075C934 /* Constants.swift */ = {isa = PBXFileReference; fileEncoding = 4; lastKnownFileType = sourcecode.swift; path = Constants.swift; sourceTree = "<group>"; };
		9AA52AC4287C1AF50075C934 /* Utilities.swift */ = {isa = PBXFileReference; fileEncoding = 4; lastKnownFileType = sourcecode.swift; path = Utilities.swift; sourceTree = "<group>"; };
		9ACAD635287D58ED001A2BD2 /* WatchListCollectionViewCell.swift */ = {isa = PBXFileReference; lastKnownFileType = sourcecode.swift; path = WatchListCollectionViewCell.swift; sourceTree = "<group>"; };
		9AD7DB28287C039B0016AE05 /* ModelData.swift */ = {isa = PBXFileReference; lastKnownFileType = sourcecode.swift; path = ModelData.swift; sourceTree = "<group>"; };
		9ADBE700287D8FC7009CEC3C /* MovieResorce.swift */ = {isa = PBXFileReference; lastKnownFileType = sourcecode.swift; path = MovieResorce.swift; sourceTree = "<group>"; };
		9ADBE702287DAB84009CEC3C /* LibraryCollectionViewCell.swift */ = {isa = PBXFileReference; lastKnownFileType = sourcecode.swift; path = LibraryCollectionViewCell.swift; sourceTree = "<group>"; };
		9ADBE704287DABB2009CEC3C /* TrendingCollectionViewCell.swift */ = {isa = PBXFileReference; lastKnownFileType = sourcecode.swift; path = TrendingCollectionViewCell.swift; sourceTree = "<group>"; };
		A20FDD78D5FA9300796BFF92 /* Pods_Movie_app.framework */ = {isa = PBXFileReference; explicitFileType = wrapper.framework; includeInIndex = 0; path = Pods_Movie_app.framework; sourceTree = BUILT_PRODUCTS_DIR; };
		ECCF7534592A4F691473936F /* Pods-Movie-app.release.xcconfig */ = {isa = PBXFileReference; includeInIndex = 1; lastKnownFileType = text.xcconfig; name = "Pods-Movie-app.release.xcconfig"; path = "Target Support Files/Pods-Movie-app/Pods-Movie-app.release.xcconfig"; sourceTree = "<group>"; };
/* End PBXFileReference section */

/* Begin PBXFrameworksBuildPhase section */
		9A1B053A2878D32B006A3BE2 /* Frameworks */ = {
			isa = PBXFrameworksBuildPhase;
			buildActionMask = 2147483647;
			files = (
				33E0380D32DFF8B20FAA9A12 /* Pods_Movie_app.framework in Frameworks */,
			);
			runOnlyForDeploymentPostprocessing = 0;
		};
/* End PBXFrameworksBuildPhase section */

/* Begin PBXGroup section */
		9A1B05342878D32B006A3BE2 = {
			isa = PBXGroup;
			children = (
				9A1B053F2878D32B006A3BE2 /* Movie-app */,
				9A1B053E2878D32B006A3BE2 /* Products */,
				CE9D921BEA908F0A23F39740 /* Pods */,
				B6CFF8A45A030D5C9376A6F8 /* Frameworks */,
			);
			sourceTree = "<group>";
		};
		9A1B053E2878D32B006A3BE2 /* Products */ = {
			isa = PBXGroup;
			children = (
				9A1B053D2878D32B006A3BE2 /* Movie-app.app */,
			);
			name = Products;
			sourceTree = "<group>";
		};
		9A1B053F2878D32B006A3BE2 /* Movie-app */ = {
			isa = PBXGroup;
			children = (
				9AA52AC2287C1AF50075C934 /* Helpers */,
				9A70B1A92878D7FD0094E6BC /* View */,
				9A70B1A82878D7E10094E6BC /* Models */,
				9A70B1AA2878D8060094E6BC /* ViewModel */,
				9A1B05402878D32B006A3BE2 /* AppDelegate.swift */,
				9A1B05422878D32B006A3BE2 /* SceneDelegate.swift */,
				9A1B05492878D32D006A3BE2 /* Assets.xcassets */,
				9ADBE700287D8FC7009CEC3C /* MovieResorce.swift */,
				9A1B054E2878D32D006A3BE2 /* Info.plist */,
				9A70B1AC2878DB4C0094E6BC /* GoogleService-Info.plist */,
			);
			path = "Movie-app";
			sourceTree = "<group>";
		};
		9A70B1A82878D7E10094E6BC /* Models */ = {
			isa = PBXGroup;
			children = (
			);
			path = Models;
			sourceTree = "<group>";
		};
		9A70B1A92878D7FD0094E6BC /* View */ = {
			isa = PBXGroup;
			children = (
				9A70B1AE28795B9A0094E6BC /* HomeViewController.swift */,
				9A1B05442878D32B006A3BE2 /* ViewController.swift */,
				9AD7DB27287BFD480016AE05 /* Authentication */,
				9A70B1AB2878D8210094E6BC /* Storyboards */,
			);
			path = View;
			sourceTree = "<group>";
		};
		9A70B1AA2878D8060094E6BC /* ViewModel */ = {
			isa = PBXGroup;
			children = (
				9AD7DB28287C039B0016AE05 /* ModelData.swift */,
			);
			path = ViewModel;
			sourceTree = "<group>";
		};
		9A70B1AB2878D8210094E6BC /* Storyboards */ = {
			isa = PBXGroup;
			children = (
				9A1B05462878D32B006A3BE2 /* Main.storyboard */,
				9ACAD635287D58ED001A2BD2 /* WatchListCollectionViewCell.swift */,
				9ADBE702287DAB84009CEC3C /* LibraryCollectionViewCell.swift */,
				9ADBE704287DABB2009CEC3C /* TrendingCollectionViewCell.swift */,
				9A1B054B2878D32D006A3BE2 /* LaunchScreen.storyboard */,
			);
			path = Storyboards;
			sourceTree = "<group>";
		};
		9AA52AC2287C1AF50075C934 /* Helpers */ = {
			isa = PBXGroup;
			children = (
				9AA52AC3287C1AF50075C934 /* Constants.swift */,
				9AA52AC4287C1AF50075C934 /* Utilities.swift */,
			);
			path = Helpers;
			sourceTree = "<group>";
		};
		9AD7DB27287BFD480016AE05 /* Authentication */ = {
			isa = PBXGroup;
			children = (
				9A70B1B228795BC20094E6BC /* SignUpViewController.swift */,
				9AA52AC0287C19BB0075C934 /* SignInViewController.swift */,
			);
			path = Authentication;
			sourceTree = "<group>";
		};
		B6CFF8A45A030D5C9376A6F8 /* Frameworks */ = {
			isa = PBXGroup;
			children = (
				A20FDD78D5FA9300796BFF92 /* Pods_Movie_app.framework */,
			);
			name = Frameworks;
			sourceTree = "<group>";
		};
		CE9D921BEA908F0A23F39740 /* Pods */ = {
			isa = PBXGroup;
			children = (
				750EAAF7E5D5E833D3DDB58E /* Pods-Movie-app.debug.xcconfig */,
				ECCF7534592A4F691473936F /* Pods-Movie-app.release.xcconfig */,
			);
			path = Pods;
			sourceTree = "<group>";
		};
/* End PBXGroup section */

/* Begin PBXNativeTarget section */
		9A1B053C2878D32B006A3BE2 /* Movie-app */ = {
			isa = PBXNativeTarget;
			buildConfigurationList = 9A1B05512878D32D006A3BE2 /* Build configuration list for PBXNativeTarget "Movie-app" */;
			buildPhases = (
				CD142B80117762D1BAFFAF3B /* [CP] Check Pods Manifest.lock */,
				9A1B05392878D32B006A3BE2 /* Sources */,
				9A1B053A2878D32B006A3BE2 /* Frameworks */,
				9A1B053B2878D32B006A3BE2 /* Resources */,
				2C0629BAA3E7D362176C000D /* [CP] Embed Pods Frameworks */,
			);
			buildRules = (
			);
			dependencies = (
			);
			name = "Movie-app";
			productName = "Movie-app";
			productReference = 9A1B053D2878D32B006A3BE2 /* Movie-app.app */;
			productType = "com.apple.product-type.application";
		};
/* End PBXNativeTarget section */

/* Begin PBXProject section */
		9A1B05352878D32B006A3BE2 /* Project object */ = {
			isa = PBXProject;
			attributes = {
				BuildIndependentTargetsInParallel = 1;
				LastSwiftUpdateCheck = 1320;
				LastUpgradeCheck = 1320;
				TargetAttributes = {
					9A1B053C2878D32B006A3BE2 = {
						CreatedOnToolsVersion = 13.2.1;
					};
				};
			};
			buildConfigurationList = 9A1B05382878D32B006A3BE2 /* Build configuration list for PBXProject "Movie-app" */;
			compatibilityVersion = "Xcode 13.0";
			developmentRegion = en;
			hasScannedForEncodings = 0;
			knownRegions = (
				en,
				Base,
			);
			mainGroup = 9A1B05342878D32B006A3BE2;
			productRefGroup = 9A1B053E2878D32B006A3BE2 /* Products */;
			projectDirPath = "";
			projectRoot = "";
			targets = (
				9A1B053C2878D32B006A3BE2 /* Movie-app */,
			);
		};
/* End PBXProject section */

/* Begin PBXResourcesBuildPhase section */
		9A1B053B2878D32B006A3BE2 /* Resources */ = {
			isa = PBXResourcesBuildPhase;
			buildActionMask = 2147483647;
			files = (
				9A1B054D2878D32D006A3BE2 /* LaunchScreen.storyboard in Resources */,
				9A70B1AD2878DB4C0094E6BC /* GoogleService-Info.plist in Resources */,
				9A1B054A2878D32D006A3BE2 /* Assets.xcassets in Resources */,
				9A1B05482878D32B006A3BE2 /* Main.storyboard in Resources */,
			);
			runOnlyForDeploymentPostprocessing = 0;
		};
/* End PBXResourcesBuildPhase section */

/* Begin PBXShellScriptBuildPhase section */
		2C0629BAA3E7D362176C000D /* [CP] Embed Pods Frameworks */ = {
			isa = PBXShellScriptBuildPhase;
			buildActionMask = 2147483647;
			files = (
			);
			inputFileListPaths = (
				"${PODS_ROOT}/Target Support Files/Pods-Movie-app/Pods-Movie-app-frameworks-${CONFIGURATION}-input-files.xcfilelist",
			);
			name = "[CP] Embed Pods Frameworks";
			outputFileListPaths = (
				"${PODS_ROOT}/Target Support Files/Pods-Movie-app/Pods-Movie-app-frameworks-${CONFIGURATION}-output-files.xcfilelist",
			);
			runOnlyForDeploymentPostprocessing = 0;
			shellPath = /bin/sh;
			shellScript = "\"${PODS_ROOT}/Target Support Files/Pods-Movie-app/Pods-Movie-app-frameworks.sh\"\n";
			showEnvVarsInLog = 0;
		};
		CD142B80117762D1BAFFAF3B /* [CP] Check Pods Manifest.lock */ = {
			isa = PBXShellScriptBuildPhase;
			buildActionMask = 2147483647;
			files = (
			);
			inputFileListPaths = (
			);
			inputPaths = (
				"${PODS_PODFILE_DIR_PATH}/Podfile.lock",
				"${PODS_ROOT}/Manifest.lock",
			);
			name = "[CP] Check Pods Manifest.lock";
			outputFileListPaths = (
			);
			outputPaths = (
				"$(DERIVED_FILE_DIR)/Pods-Movie-app-checkManifestLockResult.txt",
			);
			runOnlyForDeploymentPostprocessing = 0;
			shellPath = /bin/sh;
			shellScript = "diff \"${PODS_PODFILE_DIR_PATH}/Podfile.lock\" \"${PODS_ROOT}/Manifest.lock\" > /dev/null\nif [ $? != 0 ] ; then\n    # print error to STDERR\n    echo \"error: The sandbox is not in sync with the Podfile.lock. Run 'pod install' or update your CocoaPods installation.\" >&2\n    exit 1\nfi\n# This output is used by Xcode 'outputs' to avoid re-running this script phase.\necho \"SUCCESS\" > \"${SCRIPT_OUTPUT_FILE_0}\"\n";
			showEnvVarsInLog = 0;
		};
/* End PBXShellScriptBuildPhase section */

/* Begin PBXSourcesBuildPhase section */
		9A1B05392878D32B006A3BE2 /* Sources */ = {
			isa = PBXSourcesBuildPhase;
			buildActionMask = 2147483647;
			files = (
				9ACAD636287D58ED001A2BD2 /* WatchListCollectionViewCell.swift in Sources */,
				9AA52AC1287C19BB0075C934 /* SignInViewController.swift in Sources */,
				9ADBE701287D8FC7009CEC3C /* MovieResorce.swift in Sources */,
				9ADBE705287DABB2009CEC3C /* TrendingCollectionViewCell.swift in Sources */,
				9A70B1B328795BC20094E6BC /* SignUpViewController.swift in Sources */,
				9A1B05452878D32B006A3BE2 /* ViewController.swift in Sources */,
				9A1B05412878D32B006A3BE2 /* AppDelegate.swift in Sources */,
				9A1B05432878D32B006A3BE2 /* SceneDelegate.swift in Sources */,
				9A70B1AF28795B9A0094E6BC /* HomeViewController.swift in Sources */,
				9AA52AC6287C1AF50075C934 /* Utilities.swift in Sources */,
				9AD7DB29287C039B0016AE05 /* ModelData.swift in Sources */,
				9ADBE703287DAB84009CEC3C /* LibraryCollectionViewCell.swift in Sources */,
				9AA52AC5287C1AF50075C934 /* Constants.swift in Sources */,
			);
			runOnlyForDeploymentPostprocessing = 0;
		};
/* End PBXSourcesBuildPhase section */

/* Begin PBXVariantGroup section */
		9A1B05462878D32B006A3BE2 /* Main.storyboard */ = {
			isa = PBXVariantGroup;
			children = (
				9A1B05472878D32B006A3BE2 /* Base */,
			);
			name = Main.storyboard;
			sourceTree = "<group>";
		};
		9A1B054B2878D32D006A3BE2 /* LaunchScreen.storyboard */ = {
			isa = PBXVariantGroup;
			children = (
				9A1B054C2878D32D006A3BE2 /* Base */,
			);
			name = LaunchScreen.storyboard;
			sourceTree = "<group>";
		};
/* End PBXVariantGroup section */

/* Begin XCBuildConfiguration section */
		9A1B054F2878D32D006A3BE2 /* Debug */ = {
			isa = XCBuildConfiguration;
			buildSettings = {
				ALWAYS_SEARCH_USER_PATHS = NO;
				CLANG_ANALYZER_NONNULL = YES;
				CLANG_ANALYZER_NUMBER_OBJECT_CONVERSION = YES_AGGRESSIVE;
				CLANG_CXX_LANGUAGE_STANDARD = "gnu++17";
				CLANG_CXX_LIBRARY = "libc++";
				CLANG_ENABLE_MODULES = YES;
				CLANG_ENABLE_OBJC_ARC = YES;
				CLANG_ENABLE_OBJC_WEAK = YES;
				CLANG_WARN_BLOCK_CAPTURE_AUTORELEASING = YES;
				CLANG_WARN_BOOL_CONVERSION = YES;
				CLANG_WARN_COMMA = YES;
				CLANG_WARN_CONSTANT_CONVERSION = YES;
				CLANG_WARN_DEPRECATED_OBJC_IMPLEMENTATIONS = YES;
				CLANG_WARN_DIRECT_OBJC_ISA_USAGE = YES_ERROR;
				CLANG_WARN_DOCUMENTATION_COMMENTS = YES;
				CLANG_WARN_EMPTY_BODY = YES;
				CLANG_WARN_ENUM_CONVERSION = YES;
				CLANG_WARN_INFINITE_RECURSION = YES;
				CLANG_WARN_INT_CONVERSION = YES;
				CLANG_WARN_NON_LITERAL_NULL_CONVERSION = YES;
				CLANG_WARN_OBJC_IMPLICIT_RETAIN_SELF = YES;
				CLANG_WARN_OBJC_LITERAL_CONVERSION = YES;
				CLANG_WARN_OBJC_ROOT_CLASS = YES_ERROR;
				CLANG_WARN_QUOTED_INCLUDE_IN_FRAMEWORK_HEADER = YES;
				CLANG_WARN_RANGE_LOOP_ANALYSIS = YES;
				CLANG_WARN_STRICT_PROTOTYPES = YES;
				CLANG_WARN_SUSPICIOUS_MOVE = YES;
				CLANG_WARN_UNGUARDED_AVAILABILITY = YES_AGGRESSIVE;
				CLANG_WARN_UNREACHABLE_CODE = YES;
				CLANG_WARN__DUPLICATE_METHOD_MATCH = YES;
				COPY_PHASE_STRIP = NO;
				DEBUG_INFORMATION_FORMAT = dwarf;
				ENABLE_STRICT_OBJC_MSGSEND = YES;
				ENABLE_TESTABILITY = YES;
				GCC_C_LANGUAGE_STANDARD = gnu11;
				GCC_DYNAMIC_NO_PIC = NO;
				GCC_NO_COMMON_BLOCKS = YES;
				GCC_OPTIMIZATION_LEVEL = 0;
				GCC_PREPROCESSOR_DEFINITIONS = (
					"DEBUG=1",
					"$(inherited)",
				);
				GCC_WARN_64_TO_32_BIT_CONVERSION = YES;
				GCC_WARN_ABOUT_RETURN_TYPE = YES_ERROR;
				GCC_WARN_UNDECLARED_SELECTOR = YES;
				GCC_WARN_UNINITIALIZED_AUTOS = YES_AGGRESSIVE;
				GCC_WARN_UNUSED_FUNCTION = YES;
				GCC_WARN_UNUSED_VARIABLE = YES;
				IPHONEOS_DEPLOYMENT_TARGET = 15.2;
				MTL_ENABLE_DEBUG_INFO = INCLUDE_SOURCE;
				MTL_FAST_MATH = YES;
				ONLY_ACTIVE_ARCH = YES;
				SDKROOT = iphoneos;
				SWIFT_ACTIVE_COMPILATION_CONDITIONS = DEBUG;
				SWIFT_OPTIMIZATION_LEVEL = "-Onone";
			};
			name = Debug;
		};
		9A1B05502878D32D006A3BE2 /* Release */ = {
			isa = XCBuildConfiguration;
			buildSettings = {
				ALWAYS_SEARCH_USER_PATHS = NO;
				CLANG_ANALYZER_NONNULL = YES;
				CLANG_ANALYZER_NUMBER_OBJECT_CONVERSION = YES_AGGRESSIVE;
				CLANG_CXX_LANGUAGE_STANDARD = "gnu++17";
				CLANG_CXX_LIBRARY = "libc++";
				CLANG_ENABLE_MODULES = YES;
				CLANG_ENABLE_OBJC_ARC = YES;
				CLANG_ENABLE_OBJC_WEAK = YES;
				CLANG_WARN_BLOCK_CAPTURE_AUTORELEASING = YES;
				CLANG_WARN_BOOL_CONVERSION = YES;
				CLANG_WARN_COMMA = YES;
				CLANG_WARN_CONSTANT_CONVERSION = YES;
				CLANG_WARN_DEPRECATED_OBJC_IMPLEMENTATIONS = YES;
				CLANG_WARN_DIRECT_OBJC_ISA_USAGE = YES_ERROR;
				CLANG_WARN_DOCUMENTATION_COMMENTS = YES;
				CLANG_WARN_EMPTY_BODY = YES;
				CLANG_WARN_ENUM_CONVERSION = YES;
				CLANG_WARN_INFINITE_RECURSION = YES;
				CLANG_WARN_INT_CONVERSION = YES;
				CLANG_WARN_NON_LITERAL_NULL_CONVERSION = YES;
				CLANG_WARN_OBJC_IMPLICIT_RETAIN_SELF = YES;
				CLANG_WARN_OBJC_LITERAL_CONVERSION = YES;
				CLANG_WARN_OBJC_ROOT_CLASS = YES_ERROR;
				CLANG_WARN_QUOTED_INCLUDE_IN_FRAMEWORK_HEADER = YES;
				CLANG_WARN_RANGE_LOOP_ANALYSIS = YES;
				CLANG_WARN_STRICT_PROTOTYPES = YES;
				CLANG_WARN_SUSPICIOUS_MOVE = YES;
				CLANG_WARN_UNGUARDED_AVAILABILITY = YES_AGGRESSIVE;
				CLANG_WARN_UNREACHABLE_CODE = YES;
				CLANG_WARN__DUPLICATE_METHOD_MATCH = YES;
				COPY_PHASE_STRIP = NO;
				DEBUG_INFORMATION_FORMAT = "dwarf-with-dsym";
				ENABLE_NS_ASSERTIONS = NO;
				ENABLE_STRICT_OBJC_MSGSEND = YES;
				GCC_C_LANGUAGE_STANDARD = gnu11;
				GCC_NO_COMMON_BLOCKS = YES;
				GCC_WARN_64_TO_32_BIT_CONVERSION = YES;
				GCC_WARN_ABOUT_RETURN_TYPE = YES_ERROR;
				GCC_WARN_UNDECLARED_SELECTOR = YES;
				GCC_WARN_UNINITIALIZED_AUTOS = YES_AGGRESSIVE;
				GCC_WARN_UNUSED_FUNCTION = YES;
				GCC_WARN_UNUSED_VARIABLE = YES;
				IPHONEOS_DEPLOYMENT_TARGET = 15.2;
				MTL_ENABLE_DEBUG_INFO = NO;
				MTL_FAST_MATH = YES;
				SDKROOT = iphoneos;
				SWIFT_COMPILATION_MODE = wholemodule;
				SWIFT_OPTIMIZATION_LEVEL = "-O";
				VALIDATE_PRODUCT = YES;
			};
			name = Release;
		};
		9A1B05522878D32D006A3BE2 /* Debug */ = {
			isa = XCBuildConfiguration;
			baseConfigurationReference = 750EAAF7E5D5E833D3DDB58E /* Pods-Movie-app.debug.xcconfig */;
			buildSettings = {
				ASSETCATALOG_COMPILER_APPICON_NAME = AppIcon;
				ASSETCATALOG_COMPILER_GLOBAL_ACCENT_COLOR_NAME = AccentColor;
				CODE_SIGN_STYLE = Automatic;
				CURRENT_PROJECT_VERSION = 1;
				DEVELOPMENT_TEAM = 7UWUYJ2WNQ;
				GENERATE_INFOPLIST_FILE = YES;
				INFOPLIST_FILE = "Movie-app/Info.plist";
				INFOPLIST_KEY_UIApplicationSupportsIndirectInputEvents = YES;
				INFOPLIST_KEY_UILaunchStoryboardName = LaunchScreen;
				INFOPLIST_KEY_UIMainStoryboardFile = Main;
				INFOPLIST_KEY_UISupportedInterfaceOrientations_iPad = "UIInterfaceOrientationPortrait UIInterfaceOrientationPortraitUpsideDown UIInterfaceOrientationLandscapeLeft UIInterfaceOrientationLandscapeRight";
				INFOPLIST_KEY_UISupportedInterfaceOrientations_iPhone = "UIInterfaceOrientationPortrait UIInterfaceOrientationLandscapeLeft UIInterfaceOrientationLandscapeRight";
				LD_RUNPATH_SEARCH_PATHS = (
					"$(inherited)",
					"@executable_path/Frameworks",
				);
				MARKETING_VERSION = 1.0;
				PRODUCT_BUNDLE_IDENTIFIER = "com.test.Movie-app";
				PRODUCT_NAME = "$(TARGET_NAME)";
				SWIFT_EMIT_LOC_STRINGS = YES;
				SWIFT_VERSION = 5.0;
				TARGETED_DEVICE_FAMILY = "1,2";
			};
			name = Debug;
		};
		9A1B05532878D32D006A3BE2 /* Release */ = {
			isa = XCBuildConfiguration;
			baseConfigurationReference = ECCF7534592A4F691473936F /* Pods-Movie-app.release.xcconfig */;
			buildSettings = {
				ASSETCATALOG_COMPILER_APPICON_NAME = AppIcon;
				ASSETCATALOG_COMPILER_GLOBAL_ACCENT_COLOR_NAME = AccentColor;
				CODE_SIGN_STYLE = Automatic;
				CURRENT_PROJECT_VERSION = 1;
				DEVELOPMENT_TEAM = 7UWUYJ2WNQ;
				GENERATE_INFOPLIST_FILE = YES;
				INFOPLIST_FILE = "Movie-app/Info.plist";
				INFOPLIST_KEY_UIApplicationSupportsIndirectInputEvents = YES;
				INFOPLIST_KEY_UILaunchStoryboardName = LaunchScreen;
				INFOPLIST_KEY_UIMainStoryboardFile = Main;
				INFOPLIST_KEY_UISupportedInterfaceOrientations_iPad = "UIInterfaceOrientationPortrait UIInterfaceOrientationPortraitUpsideDown UIInterfaceOrientationLandscapeLeft UIInterfaceOrientationLandscapeRight";
				INFOPLIST_KEY_UISupportedInterfaceOrientations_iPhone = "UIInterfaceOrientationPortrait UIInterfaceOrientationLandscapeLeft UIInterfaceOrientationLandscapeRight";
				LD_RUNPATH_SEARCH_PATHS = (
					"$(inherited)",
					"@executable_path/Frameworks",
				);
				MARKETING_VERSION = 1.0;
				PRODUCT_BUNDLE_IDENTIFIER = "com.test.Movie-app";
				PRODUCT_NAME = "$(TARGET_NAME)";
				SWIFT_EMIT_LOC_STRINGS = YES;
				SWIFT_VERSION = 5.0;
				TARGETED_DEVICE_FAMILY = "1,2";
			};
			name = Release;
		};
/* End XCBuildConfiguration section */

/* Begin XCConfigurationList section */
		9A1B05382878D32B006A3BE2 /* Build configuration list for PBXProject "Movie-app" */ = {
			isa = XCConfigurationList;
			buildConfigurations = (
				9A1B054F2878D32D006A3BE2 /* Debug */,
				9A1B05502878D32D006A3BE2 /* Release */,
			);
			defaultConfigurationIsVisible = 0;
			defaultConfigurationName = Release;
		};
		9A1B05512878D32D006A3BE2 /* Build configuration list for PBXNativeTarget "Movie-app" */ = {
			isa = XCConfigurationList;
			buildConfigurations = (
				9A1B05522878D32D006A3BE2 /* Debug */,
				9A1B05532878D32D006A3BE2 /* Release */,
			);
			defaultConfigurationIsVisible = 0;
			defaultConfigurationName = Release;
		};
/* End XCConfigurationList section */
	};
	rootObject = 9A1B05352878D32B006A3BE2 /* Project object */;
}
